// !$*UTF8*$!
{
	archiveVersion = 1;
	classes = {
	};
	objectVersion = 46;
	objects = {

/* Begin PBXBuildFile section */
		34F855D5DF3E259717F9F0B5 /* Pods_PhotoWall_PhotoWallTests.framework in Frameworks */ = {isa = PBXBuildFile; fileRef = C4E3393C9379A1F83641833B /* Pods_PhotoWall_PhotoWallTests.framework */; };
		87228D74C039C007FC94F2E3 /* Pods_PhotoWall.framework in Frameworks */ = {isa = PBXBuildFile; fileRef = CC83FA5BF7BB900072906635 /* Pods_PhotoWall.framework */; };
		9F208CE81EBC634400E36A4A /* main.m in Sources */ = {isa = PBXBuildFile; fileRef = 9F208CE71EBC634400E36A4A /* main.m */; };
		9F208CEB1EBC634400E36A4A /* AppDelegate.m in Sources */ = {isa = PBXBuildFile; fileRef = 9F208CEA1EBC634400E36A4A /* AppDelegate.m */; };
		9F208CEE1EBC634400E36A4A /* ViewController.m in Sources */ = {isa = PBXBuildFile; fileRef = 9F208CED1EBC634400E36A4A /* ViewController.m */; };
		9F208CF11EBC634400E36A4A /* Main.storyboard in Resources */ = {isa = PBXBuildFile; fileRef = 9F208CEF1EBC634400E36A4A /* Main.storyboard */; };
		9F208CF41EBC634400E36A4A /* PhotoWall.xcdatamodeld in Sources */ = {isa = PBXBuildFile; fileRef = 9F208CF21EBC634400E36A4A /* PhotoWall.xcdatamodeld */; };
		9F208CF61EBC634400E36A4A /* Assets.xcassets in Resources */ = {isa = PBXBuildFile; fileRef = 9F208CF51EBC634400E36A4A /* Assets.xcassets */; };
		9F208CF91EBC634400E36A4A /* LaunchScreen.storyboard in Resources */ = {isa = PBXBuildFile; fileRef = 9F208CF71EBC634400E36A4A /* LaunchScreen.storyboard */; };
		9F208D041EBC634400E36A4A /* PhotoWallTests.m in Sources */ = {isa = PBXBuildFile; fileRef = 9F208D031EBC634400E36A4A /* PhotoWallTests.m */; };
		9FF461211EC5996F000C56F6 /* RestClient.m in Sources */ = {isa = PBXBuildFile; fileRef = 9FF461201EC5996F000C56F6 /* RestClient.m */; };
		9FF461241EC59A39000C56F6 /* RestRequest.m in Sources */ = {isa = PBXBuildFile; fileRef = 9FF461231EC59A39000C56F6 /* RestRequest.m */; };
		9FF461271EC5A0E3000C56F6 /* RestResponse.m in Sources */ = {isa = PBXBuildFile; fileRef = 9FF461261EC5A0E3000C56F6 /* RestResponse.m */; };
		9FF4612A1EC5A89E000C56F6 /* RestRequestTests.m in Sources */ = {isa = PBXBuildFile; fileRef = 9FF461291EC5A89E000C56F6 /* RestRequestTests.m */; };
		9FF4612C1EC5AE65000C56F6 /* MaskView.xib in Resources */ = {isa = PBXBuildFile; fileRef = 9FF4612B1EC5AE65000C56F6 /* MaskView.xib */; };
		9FF461381EC5B284000C56F6 /* LoginViewController.m in Sources */ = {isa = PBXBuildFile; fileRef = 9FF461361EC5B284000C56F6 /* LoginViewController.m */; };
		9FF461391EC5B284000C56F6 /* LoginViewController.xib in Resources */ = {isa = PBXBuildFile; fileRef = 9FF461371EC5B284000C56F6 /* LoginViewController.xib */; };
/* End PBXBuildFile section */

/* Begin PBXContainerItemProxy section */
		9F208D001EBC634400E36A4A /* PBXContainerItemProxy */ = {
			isa = PBXContainerItemProxy;
			containerPortal = 9F208CDB1EBC634400E36A4A /* Project object */;
			proxyType = 1;
			remoteGlobalIDString = 9F208CE21EBC634400E36A4A;
			remoteInfo = PhotoWall;
		};
/* End PBXContainerItemProxy section */

/* Begin PBXFileReference section */
		8DFA1AF23686E97BD63DE4E7 /* Pods-PhotoWall-PhotoWallTests.debug.xcconfig */ = {isa = PBXFileReference; includeInIndex = 1; lastKnownFileType = text.xcconfig; name = "Pods-PhotoWall-PhotoWallTests.debug.xcconfig"; path = "Pods/Target Support Files/Pods-PhotoWall-PhotoWallTests/Pods-PhotoWall-PhotoWallTests.debug.xcconfig"; sourceTree = "<group>"; };
		9F208CE31EBC634400E36A4A /* PhotoWall.app */ = {isa = PBXFileReference; explicitFileType = wrapper.application; includeInIndex = 0; path = PhotoWall.app; sourceTree = BUILT_PRODUCTS_DIR; };
		9F208CE71EBC634400E36A4A /* main.m */ = {isa = PBXFileReference; lastKnownFileType = sourcecode.c.objc; path = main.m; sourceTree = "<group>"; };
		9F208CE91EBC634400E36A4A /* AppDelegate.h */ = {isa = PBXFileReference; lastKnownFileType = sourcecode.c.h; path = AppDelegate.h; sourceTree = "<group>"; };
		9F208CEA1EBC634400E36A4A /* AppDelegate.m */ = {isa = PBXFileReference; lastKnownFileType = sourcecode.c.objc; path = AppDelegate.m; sourceTree = "<group>"; };
		9F208CEC1EBC634400E36A4A /* ViewController.h */ = {isa = PBXFileReference; lastKnownFileType = sourcecode.c.h; path = ViewController.h; sourceTree = "<group>"; };
		9F208CED1EBC634400E36A4A /* ViewController.m */ = {isa = PBXFileReference; lastKnownFileType = sourcecode.c.objc; path = ViewController.m; sourceTree = "<group>"; };
		9F208CF01EBC634400E36A4A /* Base */ = {isa = PBXFileReference; lastKnownFileType = file.storyboard; name = Base; path = Base.lproj/Main.storyboard; sourceTree = "<group>"; };
		9F208CF31EBC634400E36A4A /* PhotoWall.xcdatamodel */ = {isa = PBXFileReference; lastKnownFileType = wrapper.xcdatamodel; path = PhotoWall.xcdatamodel; sourceTree = "<group>"; };
		9F208CF51EBC634400E36A4A /* Assets.xcassets */ = {isa = PBXFileReference; lastKnownFileType = folder.assetcatalog; path = Assets.xcassets; sourceTree = "<group>"; };
		9F208CF81EBC634400E36A4A /* Base */ = {isa = PBXFileReference; lastKnownFileType = file.storyboard; name = Base; path = Base.lproj/LaunchScreen.storyboard; sourceTree = "<group>"; };
		9F208CFA1EBC634400E36A4A /* Info.plist */ = {isa = PBXFileReference; lastKnownFileType = text.plist.xml; path = Info.plist; sourceTree = "<group>"; };
		9F208CFF1EBC634400E36A4A /* PhotoWallTests.xctest */ = {isa = PBXFileReference; explicitFileType = wrapper.cfbundle; includeInIndex = 0; path = PhotoWallTests.xctest; sourceTree = BUILT_PRODUCTS_DIR; };
		9F208D031EBC634400E36A4A /* PhotoWallTests.m */ = {isa = PBXFileReference; lastKnownFileType = sourcecode.c.objc; path = PhotoWallTests.m; sourceTree = "<group>"; };
		9F208D051EBC634400E36A4A /* Info.plist */ = {isa = PBXFileReference; lastKnownFileType = text.plist.xml; path = Info.plist; sourceTree = "<group>"; };
		9FF4611F1EC5996F000C56F6 /* RestClient.h */ = {isa = PBXFileReference; fileEncoding = 4; lastKnownFileType = sourcecode.c.h; name = RestClient.h; path = RestClient/RestClient.h; sourceTree = SOURCE_ROOT; };
		9FF461201EC5996F000C56F6 /* RestClient.m */ = {isa = PBXFileReference; fileEncoding = 4; lastKnownFileType = sourcecode.c.objc; name = RestClient.m; path = RestClient/RestClient.m; sourceTree = SOURCE_ROOT; };
		9FF461221EC59A39000C56F6 /* RestRequest.h */ = {isa = PBXFileReference; fileEncoding = 4; lastKnownFileType = sourcecode.c.h; name = RestRequest.h; path = RestClient/RestRequest.h; sourceTree = SOURCE_ROOT; };
		9FF461231EC59A39000C56F6 /* RestRequest.m */ = {isa = PBXFileReference; fileEncoding = 4; lastKnownFileType = sourcecode.c.objc; name = RestRequest.m; path = RestClient/RestRequest.m; sourceTree = SOURCE_ROOT; };
		9FF461251EC5A0E3000C56F6 /* RestResponse.h */ = {isa = PBXFileReference; fileEncoding = 4; lastKnownFileType = sourcecode.c.h; name = RestResponse.h; path = RestClient/RestResponse.h; sourceTree = SOURCE_ROOT; };
		9FF461261EC5A0E3000C56F6 /* RestResponse.m */ = {isa = PBXFileReference; fileEncoding = 4; lastKnownFileType = sourcecode.c.objc; name = RestResponse.m; path = RestClient/RestResponse.m; sourceTree = SOURCE_ROOT; };
		9FF461291EC5A89E000C56F6 /* RestRequestTests.m */ = {isa = PBXFileReference; fileEncoding = 4; lastKnownFileType = sourcecode.c.objc; name = RestRequestTests.m; path = RestClient/RestRequestTests.m; sourceTree = "<group>"; };
		9FF4612B1EC5AE65000C56F6 /* MaskView.xib */ = {isa = PBXFileReference; fileEncoding = 4; lastKnownFileType = file.xib; name = MaskView.xib; path = View/MaskView.xib; sourceTree = SOURCE_ROOT; };
		9FF461351EC5B284000C56F6 /* LoginViewController.h */ = {isa = PBXFileReference; fileEncoding = 4; lastKnownFileType = sourcecode.c.h; name = LoginViewController.h; path = View/LoginViewController.h; sourceTree = SOURCE_ROOT; };
		9FF461361EC5B284000C56F6 /* LoginViewController.m */ = {isa = PBXFileReference; fileEncoding = 4; lastKnownFileType = sourcecode.c.objc; name = LoginViewController.m; path = View/LoginViewController.m; sourceTree = SOURCE_ROOT; };
		9FF461371EC5B284000C56F6 /* LoginViewController.xib */ = {isa = PBXFileReference; fileEncoding = 4; lastKnownFileType = file.xib; name = LoginViewController.xib; path = View/LoginViewController.xib; sourceTree = SOURCE_ROOT; };
		C4E3393C9379A1F83641833B /* Pods_PhotoWall_PhotoWallTests.framework */ = {isa = PBXFileReference; explicitFileType = wrapper.framework; includeInIndex = 0; path = Pods_PhotoWall_PhotoWallTests.framework; sourceTree = BUILT_PRODUCTS_DIR; };
		C66359A8696F7F49B6FC9051 /* Pods-PhotoWall.debug.xcconfig */ = {isa = PBXFileReference; includeInIndex = 1; lastKnownFileType = text.xcconfig; name = "Pods-PhotoWall.debug.xcconfig"; path = "Pods/Target Support Files/Pods-PhotoWall/Pods-PhotoWall.debug.xcconfig"; sourceTree = "<group>"; };
		CBDFCD3903FCDE53D83F2B21 /* Pods-PhotoWall-PhotoWallTests.release.xcconfig */ = {isa = PBXFileReference; includeInIndex = 1; lastKnownFileType = text.xcconfig; name = "Pods-PhotoWall-PhotoWallTests.release.xcconfig"; path = "Pods/Target Support Files/Pods-PhotoWall-PhotoWallTests/Pods-PhotoWall-PhotoWallTests.release.xcconfig"; sourceTree = "<group>"; };
		CC83FA5BF7BB900072906635 /* Pods_PhotoWall.framework */ = {isa = PBXFileReference; explicitFileType = wrapper.framework; includeInIndex = 0; path = Pods_PhotoWall.framework; sourceTree = BUILT_PRODUCTS_DIR; };
		FA4E641D8044870905079332 /* Pods-PhotoWall.release.xcconfig */ = {isa = PBXFileReference; includeInIndex = 1; lastKnownFileType = text.xcconfig; name = "Pods-PhotoWall.release.xcconfig"; path = "Pods/Target Support Files/Pods-PhotoWall/Pods-PhotoWall.release.xcconfig"; sourceTree = "<group>"; };
/* End PBXFileReference section */

/* Begin PBXFrameworksBuildPhase section */
		9F208CE01EBC634400E36A4A /* Frameworks */ = {
			isa = PBXFrameworksBuildPhase;
			buildActionMask = 2147483647;
			files = (
				87228D74C039C007FC94F2E3 /* Pods_PhotoWall.framework in Frameworks */,
			);
			runOnlyForDeploymentPostprocessing = 0;
		};
		9F208CFC1EBC634400E36A4A /* Frameworks */ = {
			isa = PBXFrameworksBuildPhase;
			buildActionMask = 2147483647;
			files = (
				34F855D5DF3E259717F9F0B5 /* Pods_PhotoWall_PhotoWallTests.framework in Frameworks */,
			);
			runOnlyForDeploymentPostprocessing = 0;
		};
/* End PBXFrameworksBuildPhase section */

/* Begin PBXGroup section */
		45FC73DA32176258C5074688 /* Pods */ = {
			isa = PBXGroup;
			children = (
				C66359A8696F7F49B6FC9051 /* Pods-PhotoWall.debug.xcconfig */,
				FA4E641D8044870905079332 /* Pods-PhotoWall.release.xcconfig */,
				8DFA1AF23686E97BD63DE4E7 /* Pods-PhotoWall-PhotoWallTests.debug.xcconfig */,
				CBDFCD3903FCDE53D83F2B21 /* Pods-PhotoWall-PhotoWallTests.release.xcconfig */,
			);
			name = Pods;
			sourceTree = "<group>";
		};
		9F208CDA1EBC634400E36A4A = {
			isa = PBXGroup;
			children = (
				9F208CE51EBC634400E36A4A /* PhotoWall */,
				9F208D021EBC634400E36A4A /* PhotoWallTests */,
				9F208CE41EBC634400E36A4A /* Products */,
				45FC73DA32176258C5074688 /* Pods */,
				A432504B66EF33D0939E3CB9 /* Frameworks */,
			);
			sourceTree = "<group>";
		};
		9F208CE41EBC634400E36A4A /* Products */ = {
			isa = PBXGroup;
			children = (
				9F208CE31EBC634400E36A4A /* PhotoWall.app */,
				9F208CFF1EBC634400E36A4A /* PhotoWallTests.xctest */,
			);
			name = Products;
			sourceTree = "<group>";
		};
		9F208CE51EBC634400E36A4A /* PhotoWall */ = {
			isa = PBXGroup;
			children = (
				9FF4611E1EC598B6000C56F6 /* RestClient */,
				9FF4611D1EC598AD000C56F6 /* View */,
				9FF4611C1EC598A4000C56F6 /* Model */,
				9F208CE91EBC634400E36A4A /* AppDelegate.h */,
				9F208CEA1EBC634400E36A4A /* AppDelegate.m */,
				9F208CEC1EBC634400E36A4A /* ViewController.h */,
				9F208CED1EBC634400E36A4A /* ViewController.m */,
				9F208CEF1EBC634400E36A4A /* Main.storyboard */,
				9F208CF51EBC634400E36A4A /* Assets.xcassets */,
				9F208CF71EBC634400E36A4A /* LaunchScreen.storyboard */,
				9F208CFA1EBC634400E36A4A /* Info.plist */,
				9F208CF21EBC634400E36A4A /* PhotoWall.xcdatamodeld */,
				9F208CE61EBC634400E36A4A /* Supporting Files */,
			);
			path = PhotoWall;
			sourceTree = "<group>";
		};
		9F208CE61EBC634400E36A4A /* Supporting Files */ = {
			isa = PBXGroup;
			children = (
				9F208CE71EBC634400E36A4A /* main.m */,
			);
			name = "Supporting Files";
			sourceTree = "<group>";
		};
		9F208D021EBC634400E36A4A /* PhotoWallTests */ = {
			isa = PBXGroup;
			children = (
				9FF461281EC5A84F000C56F6 /* RestClient */,
				9F208D031EBC634400E36A4A /* PhotoWallTests.m */,
				9F208D051EBC634400E36A4A /* Info.plist */,
			);
			path = PhotoWallTests;
			sourceTree = "<group>";
		};
		9FF4611C1EC598A4000C56F6 /* Model */ = {
			isa = PBXGroup;
			children = (
			);
			name = Model;
			sourceTree = "<group>";
		};
		9FF4611D1EC598AD000C56F6 /* View */ = {
			isa = PBXGroup;
			children = (
				9FF4612B1EC5AE65000C56F6 /* MaskView.xib */,
				9FF461351EC5B284000C56F6 /* LoginViewController.h */,
				9FF461361EC5B284000C56F6 /* LoginViewController.m */,
				9FF461371EC5B284000C56F6 /* LoginViewController.xib */,
			);
			name = View;
			sourceTree = "<group>";
		};
		9FF4611E1EC598B6000C56F6 /* RestClient */ = {
			isa = PBXGroup;
			children = (
				9FF4611F1EC5996F000C56F6 /* RestClient.h */,
				9FF461201EC5996F000C56F6 /* RestClient.m */,
				9FF461221EC59A39000C56F6 /* RestRequest.h */,
				9FF461231EC59A39000C56F6 /* RestRequest.m */,
				9FF461251EC5A0E3000C56F6 /* RestResponse.h */,
				9FF461261EC5A0E3000C56F6 /* RestResponse.m */,
			);
			name = RestClient;
			sourceTree = "<group>";
		};
		9FF461281EC5A84F000C56F6 /* RestClient */ = {
			isa = PBXGroup;
			children = (
				9FF461291EC5A89E000C56F6 /* RestRequestTests.m */,
			);
			name = RestClient;
			sourceTree = "<group>";
		};
		A432504B66EF33D0939E3CB9 /* Frameworks */ = {
			isa = PBXGroup;
			children = (
				CC83FA5BF7BB900072906635 /* Pods_PhotoWall.framework */,
				C4E3393C9379A1F83641833B /* Pods_PhotoWall_PhotoWallTests.framework */,
			);
			name = Frameworks;
			sourceTree = "<group>";
		};
/* End PBXGroup section */

/* Begin PBXNativeTarget section */
		9F208CE21EBC634400E36A4A /* PhotoWall */ = {
			isa = PBXNativeTarget;
			buildConfigurationList = 9F208D081EBC634400E36A4A /* Build configuration list for PBXNativeTarget "PhotoWall" */;
			buildPhases = (
				BEE95BAED606E3A76B331C76 /* [CP] Check Pods Manifest.lock */,
				9F208CDF1EBC634400E36A4A /* Sources */,
				9F208CE01EBC634400E36A4A /* Frameworks */,
				9F208CE11EBC634400E36A4A /* Resources */,
				15FD2AE3E1E32E230B2FD291 /* [CP] Embed Pods Frameworks */,
				FBEB0B0B35B73243DB156AEA /* [CP] Copy Pods Resources */,
			);
			buildRules = (
			);
			dependencies = (
			);
			name = PhotoWall;
			productName = PhotoWall;
			productReference = 9F208CE31EBC634400E36A4A /* PhotoWall.app */;
			productType = "com.apple.product-type.application";
		};
		9F208CFE1EBC634400E36A4A /* PhotoWallTests */ = {
			isa = PBXNativeTarget;
			buildConfigurationList = 9F208D0B1EBC634400E36A4A /* Build configuration list for PBXNativeTarget "PhotoWallTests" */;
			buildPhases = (
				26FAD22C90B82D78C8B11A3B /* [CP] Check Pods Manifest.lock */,
				9F208CFB1EBC634400E36A4A /* Sources */,
				9F208CFC1EBC634400E36A4A /* Frameworks */,
				9F208CFD1EBC634400E36A4A /* Resources */,
				5471596BA95530B766635842 /* [CP] Embed Pods Frameworks */,
				6B35FE105B67683C8164FA71 /* [CP] Copy Pods Resources */,
			);
			buildRules = (
			);
			dependencies = (
				9F208D011EBC634400E36A4A /* PBXTargetDependency */,
			);
			name = PhotoWallTests;
			productName = PhotoWallTests;
			productReference = 9F208CFF1EBC634400E36A4A /* PhotoWallTests.xctest */;
			productType = "com.apple.product-type.bundle.unit-test";
		};
/* End PBXNativeTarget section */

/* Begin PBXProject section */
		9F208CDB1EBC634400E36A4A /* Project object */ = {
			isa = PBXProject;
			attributes = {
				LastUpgradeCheck = 0830;
				ORGANIZATIONNAME = "Chang Hao Chao";
				TargetAttributes = {
					9F208CE21EBC634400E36A4A = {
						CreatedOnToolsVersion = 8.3.2;
						DevelopmentTeam = LRVMYCBTJ7;
						ProvisioningStyle = Automatic;
					};
					9F208CFE1EBC634400E36A4A = {
						CreatedOnToolsVersion = 8.3.2;
						DevelopmentTeam = LRVMYCBTJ7;
						ProvisioningStyle = Automatic;
						TestTargetID = 9F208CE21EBC634400E36A4A;
					};
				};
			};
			buildConfigurationList = 9F208CDE1EBC634400E36A4A /* Build configuration list for PBXProject "PhotoWall" */;
			compatibilityVersion = "Xcode 3.2";
			developmentRegion = English;
			hasScannedForEncodings = 0;
			knownRegions = (
				en,
				Base,
			);
			mainGroup = 9F208CDA1EBC634400E36A4A;
			productRefGroup = 9F208CE41EBC634400E36A4A /* Products */;
			projectDirPath = "";
			projectRoot = "";
			targets = (
				9F208CE21EBC634400E36A4A /* PhotoWall */,
				9F208CFE1EBC634400E36A4A /* PhotoWallTests */,
			);
		};
/* End PBXProject section */

/* Begin PBXResourcesBuildPhase section */
		9F208CE11EBC634400E36A4A /* Resources */ = {
			isa = PBXResourcesBuildPhase;
			buildActionMask = 2147483647;
			files = (
				9FF461391EC5B284000C56F6 /* LoginViewController.xib in Resources */,
				9FF4612C1EC5AE65000C56F6 /* MaskView.xib in Resources */,
				9F208CF91EBC634400E36A4A /* LaunchScreen.storyboard in Resources */,
				9F208CF61EBC634400E36A4A /* Assets.xcassets in Resources */,
				9F208CF11EBC634400E36A4A /* Main.storyboard in Resources */,
			);
			runOnlyForDeploymentPostprocessing = 0;
		};
		9F208CFD1EBC634400E36A4A /* Resources */ = {
			isa = PBXResourcesBuildPhase;
			buildActionMask = 2147483647;
			files = (
			);
			runOnlyForDeploymentPostprocessing = 0;
		};
/* End PBXResourcesBuildPhase section */

/* Begin PBXShellScriptBuildPhase section */
		15FD2AE3E1E32E230B2FD291 /* [CP] Embed Pods Frameworks */ = {
			isa = PBXShellScriptBuildPhase;
			buildActionMask = 2147483647;
			files = (
			);
			inputPaths = (
			);
			name = "[CP] Embed Pods Frameworks";
			outputPaths = (
			);
			runOnlyForDeploymentPostprocessing = 0;
			shellPath = /bin/sh;
			shellScript = "\"${SRCROOT}/Pods/Target Support Files/Pods-PhotoWall/Pods-PhotoWall-frameworks.sh\"\n";
			showEnvVarsInLog = 0;
		};
		26FAD22C90B82D78C8B11A3B /* [CP] Check Pods Manifest.lock */ = {
			isa = PBXShellScriptBuildPhase;
			buildActionMask = 2147483647;
			files = (
			);
			inputPaths = (
			);
			name = "[CP] Check Pods Manifest.lock";
			outputPaths = (
			);
			runOnlyForDeploymentPostprocessing = 0;
			shellPath = /bin/sh;
			shellScript = "diff \"${PODS_ROOT}/../Podfile.lock\" \"${PODS_ROOT}/Manifest.lock\" > /dev/null\nif [ $? != 0 ] ; then\n    # print error to STDERR\n    echo \"error: The sandbox is not in sync with the Podfile.lock. Run 'pod install' or update your CocoaPods installation.\" >&2\n    exit 1\nfi\n";
			showEnvVarsInLog = 0;
		};
		5471596BA95530B766635842 /* [CP] Embed Pods Frameworks */ = {
			isa = PBXShellScriptBuildPhase;
			buildActionMask = 2147483647;
			files = (
			);
			inputPaths = (
			);
			name = "[CP] Embed Pods Frameworks";
			outputPaths = (
			);
			runOnlyForDeploymentPostprocessing = 0;
			shellPath = /bin/sh;
			shellScript = "\"${SRCROOT}/Pods/Target Support Files/Pods-PhotoWall-PhotoWallTests/Pods-PhotoWall-PhotoWallTests-frameworks.sh\"\n";
			showEnvVarsInLog = 0;
		};
		6B35FE105B67683C8164FA71 /* [CP] Copy Pods Resources */ = {
			isa = PBXShellScriptBuildPhase;
			buildActionMask = 2147483647;
			files = (
			);
			inputPaths = (
			);
			name = "[CP] Copy Pods Resources";
			outputPaths = (
			);
			runOnlyForDeploymentPostprocessing = 0;
			shellPath = /bin/sh;
			shellScript = "\"${SRCROOT}/Pods/Target Support Files/Pods-PhotoWall-PhotoWallTests/Pods-PhotoWall-PhotoWallTests-resources.sh\"\n";
			showEnvVarsInLog = 0;
		};
		BEE95BAED606E3A76B331C76 /* [CP] Check Pods Manifest.lock */ = {
			isa = PBXShellScriptBuildPhase;
			buildActionMask = 2147483647;
			files = (
			);
			inputPaths = (
			);
			name = "[CP] Check Pods Manifest.lock";
			outputPaths = (
			);
			runOnlyForDeploymentPostprocessing = 0;
			shellPath = /bin/sh;
			shellScript = "diff \"${PODS_ROOT}/../Podfile.lock\" \"${PODS_ROOT}/Manifest.lock\" > /dev/null\nif [ $? != 0 ] ; then\n    # print error to STDERR\n    echo \"error: The sandbox is not in sync with the Podfile.lock. Run 'pod install' or update your CocoaPods installation.\" >&2\n    exit 1\nfi\n";
			showEnvVarsInLog = 0;
		};
		FBEB0B0B35B73243DB156AEA /* [CP] Copy Pods Resources */ = {
			isa = PBXShellScriptBuildPhase;
			buildActionMask = 2147483647;
			files = (
			);
			inputPaths = (
			);
			name = "[CP] Copy Pods Resources";
			outputPaths = (
			);
			runOnlyForDeploymentPostprocessing = 0;
			shellPath = /bin/sh;
			shellScript = "\"${SRCROOT}/Pods/Target Support Files/Pods-PhotoWall/Pods-PhotoWall-resources.sh\"\n";
			showEnvVarsInLog = 0;
		};
/* End PBXShellScriptBuildPhase section */

/* Begin PBXSourcesBuildPhase section */
		9F208CDF1EBC634400E36A4A /* Sources */ = {
			isa = PBXSourcesBuildPhase;
			buildActionMask = 2147483647;
			files = (
				9FF461381EC5B284000C56F6 /* LoginViewController.m in Sources */,
				9F208CF41EBC634400E36A4A /* PhotoWall.xcdatamodeld in Sources */,
				9FF461241EC59A39000C56F6 /* RestRequest.m in Sources */,
				9FF461271EC5A0E3000C56F6 /* RestResponse.m in Sources */,
				9F208CEE1EBC634400E36A4A /* ViewController.m in Sources */,
				9F208CEB1EBC634400E36A4A /* AppDelegate.m in Sources */,
				9FF461211EC5996F000C56F6 /* RestClient.m in Sources */,
				9F208CE81EBC634400E36A4A /* main.m in Sources */,
			);
			runOnlyForDeploymentPostprocessing = 0;
		};
		9F208CFB1EBC634400E36A4A /* Sources */ = {
			isa = PBXSourcesBuildPhase;
			buildActionMask = 2147483647;
			files = (
				9F208D041EBC634400E36A4A /* PhotoWallTests.m in Sources */,
				9FF4612A1EC5A89E000C56F6 /* RestRequestTests.m in Sources */,
			);
			runOnlyForDeploymentPostprocessing = 0;
		};
/* End PBXSourcesBuildPhase section */

/* Begin PBXTargetDependency section */
		9F208D011EBC634400E36A4A /* PBXTargetDependency */ = {
			isa = PBXTargetDependency;
			target = 9F208CE21EBC634400E36A4A /* PhotoWall */;
			targetProxy = 9F208D001EBC634400E36A4A /* PBXContainerItemProxy */;
		};
/* End PBXTargetDependency section */

/* Begin PBXVariantGroup section */
		9F208CEF1EBC634400E36A4A /* Main.storyboard */ = {
			isa = PBXVariantGroup;
			children = (
				9F208CF01EBC634400E36A4A /* Base */,
			);
			name = Main.storyboard;
			sourceTree = "<group>";
		};
		9F208CF71EBC634400E36A4A /* LaunchScreen.storyboard */ = {
			isa = PBXVariantGroup;
			children = (
				9F208CF81EBC634400E36A4A /* Base */,
			);
			name = LaunchScreen.storyboard;
			sourceTree = "<group>";
		};
/* End PBXVariantGroup section */

/* Begin XCBuildConfiguration section */
		9F208D061EBC634400E36A4A /* Debug */ = {
			isa = XCBuildConfiguration;
			buildSettings = {
				ALWAYS_SEARCH_USER_PATHS = NO;
				CLANG_ANALYZER_NONNULL = YES;
				CLANG_ANALYZER_NUMBER_OBJECT_CONVERSION = YES_AGGRESSIVE;
				CLANG_CXX_LANGUAGE_STANDARD = "gnu++0x";
				CLANG_CXX_LIBRARY = "libc++";
				CLANG_ENABLE_MODULES = YES;
				CLANG_ENABLE_OBJC_ARC = YES;
				CLANG_WARN_BOOL_CONVERSION = YES;
				CLANG_WARN_CONSTANT_CONVERSION = YES;
				CLANG_WARN_DIRECT_OBJC_ISA_USAGE = YES_ERROR;
				CLANG_WARN_DOCUMENTATION_COMMENTS = YES;
				CLANG_WARN_EMPTY_BODY = YES;
				CLANG_WARN_ENUM_CONVERSION = YES;
				CLANG_WARN_INFINITE_RECURSION = YES;
				CLANG_WARN_INT_CONVERSION = YES;
				CLANG_WARN_OBJC_ROOT_CLASS = YES_ERROR;
				CLANG_WARN_SUSPICIOUS_MOVE = YES;
				CLANG_WARN_UNREACHABLE_CODE = YES;
				CLANG_WARN__DUPLICATE_METHOD_MATCH = YES;
				"CODE_SIGN_IDENTITY[sdk=iphoneos*]" = "iPhone Developer";
				COPY_PHASE_STRIP = NO;
				DEBUG_INFORMATION_FORMAT = dwarf;
				ENABLE_STRICT_OBJC_MSGSEND = YES;
				ENABLE_TESTABILITY = YES;
				GCC_C_LANGUAGE_STANDARD = gnu99;
				GCC_DYNAMIC_NO_PIC = NO;
				GCC_NO_COMMON_BLOCKS = YES;
				GCC_OPTIMIZATION_LEVEL = 0;
				GCC_PREPROCESSOR_DEFINITIONS = (
					"DEBUG=1",
					"$(inherited)",
				);
				GCC_WARN_64_TO_32_BIT_CONVERSION = YES;
				GCC_WARN_ABOUT_RETURN_TYPE = YES_ERROR;
				GCC_WARN_UNDECLARED_SELECTOR = YES;
				GCC_WARN_UNINITIALIZED_AUTOS = YES_AGGRESSIVE;
				GCC_WARN_UNUSED_FUNCTION = YES;
				GCC_WARN_UNUSED_VARIABLE = YES;
				IPHONEOS_DEPLOYMENT_TARGET = 10.3;
				MTL_ENABLE_DEBUG_INFO = YES;
				ONLY_ACTIVE_ARCH = YES;
				SDKROOT = iphoneos;
			};
			name = Debug;
		};
		9F208D071EBC634400E36A4A /* Release */ = {
			isa = XCBuildConfiguration;
			buildSettings = {
				ALWAYS_SEARCH_USER_PATHS = NO;
				CLANG_ANALYZER_NONNULL = YES;
				CLANG_ANALYZER_NUMBER_OBJECT_CONVERSION = YES_AGGRESSIVE;
				CLANG_CXX_LANGUAGE_STANDARD = "gnu++0x";
				CLANG_CXX_LIBRARY = "libc++";
				CLANG_ENABLE_MODULES = YES;
				CLANG_ENABLE_OBJC_ARC = YES;
				CLANG_WARN_BOOL_CONVERSION = YES;
				CLANG_WARN_CONSTANT_CONVERSION = YES;
				CLANG_WARN_DIRECT_OBJC_ISA_USAGE = YES_ERROR;
				CLANG_WARN_DOCUMENTATION_COMMENTS = YES;
				CLANG_WARN_EMPTY_BODY = YES;
				CLANG_WARN_ENUM_CONVERSION = YES;
				CLANG_WARN_INFINITE_RECURSION = YES;
				CLANG_WARN_INT_CONVERSION = YES;
				CLANG_WARN_OBJC_ROOT_CLASS = YES_ERROR;
				CLANG_WARN_SUSPICIOUS_MOVE = YES;
				CLANG_WARN_UNREACHABLE_CODE = YES;
				CLANG_WARN__DUPLICATE_METHOD_MATCH = YES;
				"CODE_SIGN_IDENTITY[sdk=iphoneos*]" = "iPhone Developer";
				COPY_PHASE_STRIP = NO;
				DEBUG_INFORMATION_FORMAT = "dwarf-with-dsym";
				ENABLE_NS_ASSERTIONS = NO;
				ENABLE_STRICT_OBJC_MSGSEND = YES;
				GCC_C_LANGUAGE_STANDARD = gnu99;
				GCC_NO_COMMON_BLOCKS = YES;
				GCC_WARN_64_TO_32_BIT_CONVERSION = YES;
				GCC_WARN_ABOUT_RETURN_TYPE = YES_ERROR;
				GCC_WARN_UNDECLARED_SELECTOR = YES;
				GCC_WARN_UNINITIALIZED_AUTOS = YES_AGGRESSIVE;
				GCC_WARN_UNUSED_FUNCTION = YES;
				GCC_WARN_UNUSED_VARIABLE = YES;
				IPHONEOS_DEPLOYMENT_TARGET = 10.3;
				MTL_ENABLE_DEBUG_INFO = NO;
				SDKROOT = iphoneos;
				VALIDATE_PRODUCT = YES;
			};
			name = Release;
		};
		9F208D091EBC634400E36A4A /* Debug */ = {
			isa = XCBuildConfiguration;
			baseConfigurationReference = C66359A8696F7F49B6FC9051 /* Pods-PhotoWall.debug.xcconfig */;
			buildSettings = {
				ASSETCATALOG_COMPILER_APPICON_NAME = AppIcon;
				DEVELOPMENT_TEAM = LRVMYCBTJ7;
				INFOPLIST_FILE = PhotoWall/Info.plist;
				IPHONEOS_DEPLOYMENT_TARGET = 10.2;
				LD_RUNPATH_SEARCH_PATHS = "$(inherited) @executable_path/Frameworks";
				PRODUCT_BUNDLE_IDENTIFIER = Chchao.PhotoWall;
				PRODUCT_NAME = "$(TARGET_NAME)";
			};
			name = Debug;
		};
		9F208D0A1EBC634400E36A4A /* Release */ = {
			isa = XCBuildConfiguration;
			baseConfigurationReference = FA4E641D8044870905079332 /* Pods-PhotoWall.release.xcconfig */;
			buildSettings = {
				ASSETCATALOG_COMPILER_APPICON_NAME = AppIcon;
				DEVELOPMENT_TEAM = LRVMYCBTJ7;
				INFOPLIST_FILE = PhotoWall/Info.plist;
				IPHONEOS_DEPLOYMENT_TARGET = 10.2;
				LD_RUNPATH_SEARCH_PATHS = "$(inherited) @executable_path/Frameworks";
				PRODUCT_BUNDLE_IDENTIFIER = Chchao.PhotoWall;
				PRODUCT_NAME = "$(TARGET_NAME)";
			};
			name = Release;
		};
		9F208D0C1EBC634400E36A4A /* Debug */ = {
			isa = XCBuildConfiguration;
			baseConfigurationReference = 8DFA1AF23686E97BD63DE4E7 /* Pods-PhotoWall-PhotoWallTests.debug.xcconfig */;
			buildSettings = {
				BUNDLE_LOADER = "$(TEST_HOST)";
				DEVELOPMENT_TEAM = LRVMYCBTJ7;
				INFOPLIST_FILE = PhotoWallTests/Info.plist;
				LD_RUNPATH_SEARCH_PATHS = "$(inherited) @executable_path/Frameworks @loader_path/Frameworks";
				PRODUCT_BUNDLE_IDENTIFIER = Chchao.PhotoWallTests;
				PRODUCT_NAME = "$(TARGET_NAME)";
				TEST_HOST = "$(BUILT_PRODUCTS_DIR)/PhotoWall.app/PhotoWall";
			};
			name = Debug;
		};
		9F208D0D1EBC634400E36A4A /* Release */ = {
			isa = XCBuildConfiguration;
			baseConfigurationReference = CBDFCD3903FCDE53D83F2B21 /* Pods-PhotoWall-PhotoWallTests.release.xcconfig */;
			buildSettings = {
				BUNDLE_LOADER = "$(TEST_HOST)";
				DEVELOPMENT_TEAM = LRVMYCBTJ7;
				INFOPLIST_FILE = PhotoWallTests/Info.plist;
				LD_RUNPATH_SEARCH_PATHS = "$(inherited) @executable_path/Frameworks @loader_path/Frameworks";
				PRODUCT_BUNDLE_IDENTIFIER = Chchao.PhotoWallTests;
				PRODUCT_NAME = "$(TARGET_NAME)";
				TEST_HOST = "$(BUILT_PRODUCTS_DIR)/PhotoWall.app/PhotoWall";
			};
			name = Release;
		};
/* End XCBuildConfiguration section */

/* Begin XCConfigurationList section */
		9F208CDE1EBC634400E36A4A /* Build configuration list for PBXProject "PhotoWall" */ = {
			isa = XCConfigurationList;
			buildConfigurations = (
				9F208D061EBC634400E36A4A /* Debug */,
				9F208D071EBC634400E36A4A /* Release */,
			);
			defaultConfigurationIsVisible = 0;
			defaultConfigurationName = Release;
		};
		9F208D081EBC634400E36A4A /* Build configuration list for PBXNativeTarget "PhotoWall" */ = {
			isa = XCConfigurationList;
			buildConfigurations = (
				9F208D091EBC634400E36A4A /* Debug */,
				9F208D0A1EBC634400E36A4A /* Release */,
			);
			defaultConfigurationIsVisible = 0;
			defaultConfigurationName = Release;
		};
		9F208D0B1EBC634400E36A4A /* Build configuration list for PBXNativeTarget "PhotoWallTests" */ = {
			isa = XCConfigurationList;
			buildConfigurations = (
				9F208D0C1EBC634400E36A4A /* Debug */,
				9F208D0D1EBC634400E36A4A /* Release */,
			);
			defaultConfigurationIsVisible = 0;
			defaultConfigurationName = Release;
		};
/* End XCConfigurationList section */

/* Begin XCVersionGroup section */
		9F208CF21EBC634400E36A4A /* PhotoWall.xcdatamodeld */ = {
			isa = XCVersionGroup;
			children = (
				9F208CF31EBC634400E36A4A /* PhotoWall.xcdatamodel */,
			);
			currentVersion = 9F208CF31EBC634400E36A4A /* PhotoWall.xcdatamodel */;
			path = PhotoWall.xcdatamodeld;
			sourceTree = "<group>";
			versionGroupType = wrapper.xcdatamodel;
		};
/* End XCVersionGroup section */
	};
	rootObject = 9F208CDB1EBC634400E36A4A /* Project object */;
}
